
Microsoft Visual Studio Solution File, Format Version 12.00
# Visual Studio Version 16
VisualStudioVersion = 16.0.30517.126
MinimumVisualStudioVersion = 10.0.40219.1
Project("{FAE04EC0-301F-11D3-BF4B-00C04F79EFBC}") = "Project1_ClientConsole_BrunoVidal", "Project1_ClientConsole_BrunoVidal.csproj", "{AC44A890-26F9-4A7E-8529-9263D1E55854}"
EndProject
Global
	GlobalSection(SolutionConfigurationPlatforms) = preSolution
		Debug|Any CPU = Debug|Any CPU
		Release|Any CPU = Release|Any CPU
	EndGlobalSection
	GlobalSection(ProjectConfigurationPlatforms) = postSolution
		{AC44A890-26F9-4A7E-8529-9263D1E55854}.Debug|Any CPU.ActiveCfg = Debug|Any CPU
		{AC44A890-26F9-4A7E-8529-9263D1E55854}.Debug|Any CPU.Build.0 = Debug|Any CPU
		{AC44A890-26F9-4A7E-8529-9263D1E55854}.Release|Any CPU.ActiveCfg = Release|Any CPU
		{AC44A890-26F9-4A7E-8529-9263D1E55854}.Release|Any CPU.Build.0 = Release|Any CPU
	EndGlobalSection
	GlobalSection(SolutionProperties) = preSolution
		HideSolutionNode = FALSE
	EndGlobalSection
	GlobalSection(ExtensibilityGlobals) = postSolution
		SolutionGuid = {C2D48F1C-EE22-4512-8A2F-F1527BC35DFF}
	EndGlobalSection
EndGlobal
