
Microsoft Visual Studio Solution File, Format Version 12.00
# Visual Studio Version 16
VisualStudioVersion = 16.0.30517.126
MinimumVisualStudioVersion = 10.0.40219.1
Project("{FAE04EC0-301F-11D3-BF4B-00C04F79EFBC}") = "Project1_BrunoVidal", "Project1_BrunoVidal.csproj", "{567307AC-9B72-42D5-9A75-48EC694C988F}"
EndProject
Global
	GlobalSection(SolutionConfigurationPlatforms) = preSolution
		Debug|Any CPU = Debug|Any CPU
		Release|Any CPU = Release|Any CPU
	EndGlobalSection
	GlobalSection(ProjectConfigurationPlatforms) = postSolution
		{567307AC-9B72-42D5-9A75-48EC694C988F}.Debug|Any CPU.ActiveCfg = Debug|Any CPU
		{567307AC-9B72-42D5-9A75-48EC694C988F}.Debug|Any CPU.Build.0 = Debug|Any CPU
		{567307AC-9B72-42D5-9A75-48EC694C988F}.Release|Any CPU.ActiveCfg = Release|Any CPU
		{567307AC-9B72-42D5-9A75-48EC694C988F}.Release|Any CPU.Build.0 = Release|Any CPU
	EndGlobalSection
	GlobalSection(SolutionProperties) = preSolution
		HideSolutionNode = FALSE
	EndGlobalSection
	GlobalSection(ExtensibilityGlobals) = postSolution
		SolutionGuid = {00143271-ED3A-49AC-9A0A-6FE783138324}
	EndGlobalSection
EndGlobal
